
Microsoft Visual Studio Solution File, Format Version 12.00
# Visual Studio 15
VisualStudioVersion = 15.0.26730.16
MinimumVisualStudioVersion = 10.0.40219.1
Project("{9A19103F-16F7-4668-BE54-9A1E7A4F7556}") = "TsTyper", "TsTyper\TsTyper.csproj", "{BD18B2BC-6332-4089-BD4F-59CB044E80A5}"
EndProject
Project("{9A19103F-16F7-4668-BE54-9A1E7A4F7556}") = "Tests", "Tests\Tests.csproj", "{1B18739D-E7A3-419E-9593-AE142B293399}"
EndProject
Global
	GlobalSection(SolutionConfigurationPlatforms) = preSolution
		Debug|Any CPU = Debug|Any CPU
		Release|Any CPU = Release|Any CPU
	EndGlobalSection
	GlobalSection(ProjectConfigurationPlatforms) = postSolution
		{BD18B2BC-6332-4089-BD4F-59CB044E80A5}.Debug|Any CPU.ActiveCfg = Debug|Any CPU
		{BD18B2BC-6332-4089-BD4F-59CB044E80A5}.Debug|Any CPU.Build.0 = Debug|Any CPU
		{BD18B2BC-6332-4089-BD4F-59CB044E80A5}.Release|Any CPU.ActiveCfg = Release|Any CPU
		{BD18B2BC-6332-4089-BD4F-59CB044E80A5}.Release|Any CPU.Build.0 = Release|Any CPU
		{1B18739D-E7A3-419E-9593-AE142B293399}.Debug|Any CPU.ActiveCfg = Debug|Any CPU
		{1B18739D-E7A3-419E-9593-AE142B293399}.Debug|Any CPU.Build.0 = Debug|Any CPU
		{1B18739D-E7A3-419E-9593-AE142B293399}.Release|Any CPU.ActiveCfg = Release|Any CPU
		{1B18739D-E7A3-419E-9593-AE142B293399}.Release|Any CPU.Build.0 = Release|Any CPU
	EndGlobalSection
	GlobalSection(SolutionProperties) = preSolution
		HideSolutionNode = FALSE
	EndGlobalSection
	GlobalSection(ExtensibilityGlobals) = postSolution
		SolutionGuid = {9D20D610-68FD-484F-9259-20714ED2EFC4}
	EndGlobalSection
EndGlobal
